
Microsoft Visual Studio Solution File, Format Version 12.00
Project("{2150E333-8FDC-42A3-9474-1A3956D46DE8}") = "src", "src", "{91B9F118-FF6B-49DE-89F8-CD9C0A59A887}"
EndProject
Project("{FAE04EC0-301F-11D3-BF4B-00C04F79EFBC}") = "Blue.Core", "src\Blue.Core\Blue.Core.csproj", "{D0CA6171-2998-4BE5-AE9A-808DAF1D4EF4}"
EndProject
Project("{FAE04EC0-301F-11D3-BF4B-00C04F79EFBC}") = "Blue.BlueZ", "src\Blue.BlueZ\Blue.BlueZ.csproj", "{92E8B6C1-81E6-4E20-AE85-B2A56E7C0D40}"
EndProject
Project("{FAE04EC0-301F-11D3-BF4B-00C04F79EFBC}") = "Blue.Win32", "src\Blue.Win32\Blue.Win32.csproj", "{0FE05E73-8DE0-4E4C-B6E1-58FE0E765968}"
EndProject
Global
	GlobalSection(SolutionConfigurationPlatforms) = preSolution
		Debug|Any CPU = Debug|Any CPU
		Release|Any CPU = Release|Any CPU
	EndGlobalSection
	GlobalSection(ProjectConfigurationPlatforms) = postSolution
		{D0CA6171-2998-4BE5-AE9A-808DAF1D4EF4}.Debug|Any CPU.ActiveCfg = Debug|Any CPU
		{D0CA6171-2998-4BE5-AE9A-808DAF1D4EF4}.Debug|Any CPU.Build.0 = Debug|Any CPU
		{D0CA6171-2998-4BE5-AE9A-808DAF1D4EF4}.Release|Any CPU.ActiveCfg = Release|Any CPU
		{D0CA6171-2998-4BE5-AE9A-808DAF1D4EF4}.Release|Any CPU.Build.0 = Release|Any CPU
		{92E8B6C1-81E6-4E20-AE85-B2A56E7C0D40}.Debug|Any CPU.ActiveCfg = Debug|Any CPU
		{92E8B6C1-81E6-4E20-AE85-B2A56E7C0D40}.Debug|Any CPU.Build.0 = Debug|Any CPU
		{92E8B6C1-81E6-4E20-AE85-B2A56E7C0D40}.Release|Any CPU.ActiveCfg = Release|Any CPU
		{92E8B6C1-81E6-4E20-AE85-B2A56E7C0D40}.Release|Any CPU.Build.0 = Release|Any CPU
		{0FE05E73-8DE0-4E4C-B6E1-58FE0E765968}.Debug|Any CPU.ActiveCfg = Debug|Any CPU
		{0FE05E73-8DE0-4E4C-B6E1-58FE0E765968}.Debug|Any CPU.Build.0 = Debug|Any CPU
		{0FE05E73-8DE0-4E4C-B6E1-58FE0E765968}.Release|Any CPU.ActiveCfg = Release|Any CPU
		{0FE05E73-8DE0-4E4C-B6E1-58FE0E765968}.Release|Any CPU.Build.0 = Release|Any CPU
	EndGlobalSection
	GlobalSection(NestedProjects) = preSolution
		{D0CA6171-2998-4BE5-AE9A-808DAF1D4EF4} = {91B9F118-FF6B-49DE-89F8-CD9C0A59A887}
		{92E8B6C1-81E6-4E20-AE85-B2A56E7C0D40} = {91B9F118-FF6B-49DE-89F8-CD9C0A59A887}
		{0FE05E73-8DE0-4E4C-B6E1-58FE0E765968} = {91B9F118-FF6B-49DE-89F8-CD9C0A59A887}
	EndGlobalSection
EndGlobal
